
Microsoft Visual Studio Solution File, Format Version 12.00
# Visual Studio Version 16
VisualStudioVersion = 16.0.809.5
MinimumVisualStudioVersion = 10.0.40219.1
Project("{FAE04EC0-301F-11D3-BF4B-00C04F79EFBC}") = "Calculator.Android", "Calculator.Android\Calculator.Android.csproj", "{3AC6D829-B9EE-4213-9492-0F55EBC81463}"
EndProject
Project("{FAE04EC0-301F-11D3-BF4B-00C04F79EFBC}") = "Calculator", "Calculator\Calculator.csproj", "{58AD8398-30D5-470A-A134-BDE1EC591218}"
EndProject
Global
	GlobalSection(SolutionConfigurationPlatforms) = preSolution
		Debug|Any CPU = Debug|Any CPU
		Release|Any CPU = Release|Any CPU
	EndGlobalSection
	GlobalSection(ProjectConfigurationPlatforms) = postSolution
		{3AC6D829-B9EE-4213-9492-0F55EBC81463}.Debug|Any CPU.ActiveCfg = Debug|Any CPU
		{3AC6D829-B9EE-4213-9492-0F55EBC81463}.Debug|Any CPU.Build.0 = Debug|Any CPU
		{3AC6D829-B9EE-4213-9492-0F55EBC81463}.Release|Any CPU.ActiveCfg = Release|Any CPU
		{3AC6D829-B9EE-4213-9492-0F55EBC81463}.Release|Any CPU.Build.0 = Release|Any CPU
		{58AD8398-30D5-470A-A134-BDE1EC591218}.Debug|Any CPU.ActiveCfg = Debug|Any CPU
		{58AD8398-30D5-470A-A134-BDE1EC591218}.Debug|Any CPU.Build.0 = Debug|Any CPU
		{58AD8398-30D5-470A-A134-BDE1EC591218}.Release|Any CPU.ActiveCfg = Release|Any CPU
		{58AD8398-30D5-470A-A134-BDE1EC591218}.Release|Any CPU.Build.0 = Release|Any CPU
	EndGlobalSection
	GlobalSection(SolutionProperties) = preSolution
		HideSolutionNode = FALSE
	EndGlobalSection
	GlobalSection(ExtensibilityGlobals) = postSolution
		SolutionGuid = {E3EDD899-E0D4-4693-BEFC-69A5A2178CF8}
	EndGlobalSection
EndGlobal
